
Microsoft Visual Studio Solution File, Format Version 12.00
# Visual Studio Version 17
VisualStudioVersion = 17.13.35825.156 d17.13
MinimumVisualStudioVersion = 10.0.40219.1
Project("{FAE04EC0-301F-11D3-BF4B-00C04F79EFBC}") = "BookingApp", "BookingApp\BookingApp.csproj", "{B2F3128E-C9F4-42B2-8DF7-14ED88CDB10A}"
EndProject
Global
	GlobalSection(SolutionConfigurationPlatforms) = preSolution
		Debug|Any CPU = Debug|Any CPU
		Release|Any CPU = Release|Any CPU
	EndGlobalSection
	GlobalSection(ProjectConfigurationPlatforms) = postSolution
		{B2F3128E-C9F4-42B2-8DF7-14ED88CDB10A}.Debug|Any CPU.ActiveCfg = Debug|Any CPU
		{B2F3128E-C9F4-42B2-8DF7-14ED88CDB10A}.Debug|Any CPU.Build.0 = Debug|Any CPU
		{B2F3128E-C9F4-42B2-8DF7-14ED88CDB10A}.Release|Any CPU.ActiveCfg = Release|Any CPU
		{B2F3128E-C9F4-42B2-8DF7-14ED88CDB10A}.Release|Any CPU.Build.0 = Release|Any CPU
	EndGlobalSection
	GlobalSection(SolutionProperties) = preSolution
		HideSolutionNode = FALSE
	EndGlobalSection
	GlobalSection(ExtensibilityGlobals) = postSolution
		SolutionGuid = {43B912AE-310D-4314-BF5F-FDFA4B9642A7}
	EndGlobalSection
EndGlobal
